
Microsoft Visual Studio Solution File, Format Version 12.00
# Visual Studio Version 17
VisualStudioVersion = 17.9.34728.123
MinimumVisualStudioVersion = 10.0.40219.1
Project("{FAE04EC0-301F-11D3-BF4B-00C04F79EFBC}") = "Practice3", "Practice3\Practice3.csproj", "{23B146E1-788F-48EA-8FF1-6BBAA5FA7862}"
EndProject
Global
	GlobalSection(SolutionConfigurationPlatforms) = preSolution
		Debug|Any CPU = Debug|Any CPU
		Release|Any CPU = Release|Any CPU
	EndGlobalSection
	GlobalSection(ProjectConfigurationPlatforms) = postSolution
		{23B146E1-788F-48EA-8FF1-6BBAA5FA7862}.Debug|Any CPU.ActiveCfg = Debug|Any CPU
		{23B146E1-788F-48EA-8FF1-6BBAA5FA7862}.Debug|Any CPU.Build.0 = Debug|Any CPU
		{23B146E1-788F-48EA-8FF1-6BBAA5FA7862}.Release|Any CPU.ActiveCfg = Release|Any CPU
		{23B146E1-788F-48EA-8FF1-6BBAA5FA7862}.Release|Any CPU.Build.0 = Release|Any CPU
	EndGlobalSection
	GlobalSection(SolutionProperties) = preSolution
		HideSolutionNode = FALSE
	EndGlobalSection
	GlobalSection(ExtensibilityGlobals) = postSolution
		SolutionGuid = {559FD0A8-DAC4-40F1-987A-C96E5602F41A}
	EndGlobalSection
EndGlobal
